
Microsoft Visual Studio Solution File, Format Version 12.00
# Visual Studio 15
VisualStudioVersion = 15.0.27703.2042
MinimumVisualStudioVersion = 10.0.40219.1
Project("{9A19103F-16F7-4668-BE54-9A1E7A4F7556}") = "PayPal.Api", "PayPal.Api\PayPal.Api.csproj", "{E1642E46-6E72-46EC-BC96-8AF41D53BDF7}"
EndProject
Project("{FAE04EC0-301F-11D3-BF4B-00C04F79EFBC}") = "PayPal.Api.Tests", "PayPal.Api.Tests\PayPal.Api.Tests.csproj", "{CBC19C58-F858-4FDB-A0F7-7859DB76536E}"
EndProject
Global
	GlobalSection(SolutionConfigurationPlatforms) = preSolution
		Debug|Any CPU = Debug|Any CPU
		Release|Any CPU = Release|Any CPU
	EndGlobalSection
	GlobalSection(ProjectConfigurationPlatforms) = postSolution
		{E1642E46-6E72-46EC-BC96-8AF41D53BDF7}.Debug|Any CPU.ActiveCfg = Debug|Any CPU
		{E1642E46-6E72-46EC-BC96-8AF41D53BDF7}.Debug|Any CPU.Build.0 = Debug|Any CPU
		{E1642E46-6E72-46EC-BC96-8AF41D53BDF7}.Release|Any CPU.ActiveCfg = Release|Any CPU
		{E1642E46-6E72-46EC-BC96-8AF41D53BDF7}.Release|Any CPU.Build.0 = Release|Any CPU
		{CBC19C58-F858-4FDB-A0F7-7859DB76536E}.Debug|Any CPU.ActiveCfg = Debug|Any CPU
		{CBC19C58-F858-4FDB-A0F7-7859DB76536E}.Debug|Any CPU.Build.0 = Debug|Any CPU
		{CBC19C58-F858-4FDB-A0F7-7859DB76536E}.Release|Any CPU.ActiveCfg = Release|Any CPU
		{CBC19C58-F858-4FDB-A0F7-7859DB76536E}.Release|Any CPU.Build.0 = Release|Any CPU
	EndGlobalSection
	GlobalSection(SolutionProperties) = preSolution
		HideSolutionNode = FALSE
	EndGlobalSection
	GlobalSection(ExtensibilityGlobals) = postSolution
		SolutionGuid = {BE576EBD-CD81-4093-848F-398E36AF7E37}
	EndGlobalSection
EndGlobal
